// !$*UTF8*$!
{
	archiveVersion = 1;
	classes = {
	};
	objectVersion = 46;
	objects = {

/* Begin PBXBuildFile section */
		189254D91C8EF153005FEDF3 /* main.m in Sources */ = {isa = PBXBuildFile; fileRef = 189254D81C8EF153005FEDF3 /* main.m */; };
		189254DC1C8EF153005FEDF3 /* AppDelegate.m in Sources */ = {isa = PBXBuildFile; fileRef = 189254DB1C8EF153005FEDF3 /* AppDelegate.m */; };
		189254DF1C8EF153005FEDF3 /* ViewController.m in Sources */ = {isa = PBXBuildFile; fileRef = 189254DE1C8EF153005FEDF3 /* ViewController.m */; };
		189254E21C8EF153005FEDF3 /* Main.storyboard in Resources */ = {isa = PBXBuildFile; fileRef = 189254E01C8EF153005FEDF3 /* Main.storyboard */; };
		189254E41C8EF153005FEDF3 /* Assets.xcassets in Resources */ = {isa = PBXBuildFile; fileRef = 189254E31C8EF153005FEDF3 /* Assets.xcassets */; };
		189254E71C8EF153005FEDF3 /* LaunchScreen.storyboard in Resources */ = {isa = PBXBuildFile; fileRef = 189254E51C8EF153005FEDF3 /* LaunchScreen.storyboard */; };
		189254F21C8EF153005FEDF3 /* Label_ButtonSampleTests.m in Sources */ = {isa = PBXBuildFile; fileRef = 189254F11C8EF153005FEDF3 /* Label_ButtonSampleTests.m */; };
		189254FD1C8EF153005FEDF3 /* Label_ButtonSampleUITests.m in Sources */ = {isa = PBXBuildFile; fileRef = 189254FC1C8EF153005FEDF3 /* Label_ButtonSampleUITests.m */; };
/* End PBXBuildFile section */

/* Begin PBXContainerItemProxy section */
		189254EE1C8EF153005FEDF3 /* PBXContainerItemProxy */ = {
			isa = PBXContainerItemProxy;
			containerPortal = 189254CC1C8EF153005FEDF3 /* Project object */;
			proxyType = 1;
			remoteGlobalIDString = 189254D31C8EF153005FEDF3;
			remoteInfo = Label_ButtonSample;
		};
		189254F91C8EF153005FEDF3 /* PBXContainerItemProxy */ = {
			isa = PBXContainerItemProxy;
			containerPortal = 189254CC1C8EF153005FEDF3 /* Project object */;
			proxyType = 1;
			remoteGlobalIDString = 189254D31C8EF153005FEDF3;
			remoteInfo = Label_ButtonSample;
		};
/* End PBXContainerItemProxy section */

/* Begin PBXFileReference section */
		189254D41C8EF153005FEDF3 /* Label_ButtonSample.app */ = {isa = PBXFileReference; explicitFileType = wrapper.application; includeInIndex = 0; path = Label_ButtonSample.app; sourceTree = BUILT_PRODUCTS_DIR; };
		189254D81C8EF153005FEDF3 /* main.m */ = {isa = PBXFileReference; lastKnownFileType = sourcecode.c.objc; path = main.m; sourceTree = "<group>"; };
		189254DA1C8EF153005FEDF3 /* AppDelegate.h */ = {isa = PBXFileReference; lastKnownFileType = sourcecode.c.h; path = AppDelegate.h; sourceTree = "<group>"; };
		189254DB1C8EF153005FEDF3 /* AppDelegate.m */ = {isa = PBXFileReference; lastKnownFileType = sourcecode.c.objc; path = AppDelegate.m; sourceTree = "<group>"; };
		189254DD1C8EF153005FEDF3 /* ViewController.h */ = {isa = PBXFileReference; lastKnownFileType = sourcecode.c.h; path = ViewController.h; sourceTree = "<group>"; };
		189254DE1C8EF153005FEDF3 /* ViewController.m */ = {isa = PBXFileReference; lastKnownFileType = sourcecode.c.objc; path = ViewController.m; sourceTree = "<group>"; };
		189254E11C8EF153005FEDF3 /* Base */ = {isa = PBXFileReference; lastKnownFileType = file.storyboard; name = Base; path = Base.lproj/Main.storyboard; sourceTree = "<group>"; };
		189254E31C8EF153005FEDF3 /* Assets.xcassets */ = {isa = PBXFileReference; lastKnownFileType = folder.assetcatalog; path = Assets.xcassets; sourceTree = "<group>"; };
		189254E61C8EF153005FEDF3 /* Base */ = {isa = PBXFileReference; lastKnownFileType = file.storyboard; name = Base; path = Base.lproj/LaunchScreen.storyboard; sourceTree = "<group>"; };
		189254E81C8EF153005FEDF3 /* Info.plist */ = {isa = PBXFileReference; lastKnownFileType = text.plist.xml; path = Info.plist; sourceTree = "<group>"; };
		189254ED1C8EF153005FEDF3 /* Label_ButtonSampleTests.xctest */ = {isa = PBXFileReference; explicitFileType = wrapper.cfbundle; includeInIndex = 0; path = Label_ButtonSampleTests.xctest; sourceTree = BUILT_PRODUCTS_DIR; };
		189254F11C8EF153005FEDF3 /* Label_ButtonSampleTests.m */ = {isa = PBXFileReference; lastKnownFileType = sourcecode.c.objc; path = Label_ButtonSampleTests.m; sourceTree = "<group>"; };
		189254F31C8EF153005FEDF3 /* Info.plist */ = {isa = PBXFileReference; lastKnownFileType = text.plist.xml; path = Info.plist; sourceTree = "<group>"; };
		189254F81C8EF153005FEDF3 /* Label_ButtonSampleUITests.xctest */ = {isa = PBXFileReference; explicitFileType = wrapper.cfbundle; includeInIndex = 0; path = Label_ButtonSampleUITests.xctest; sourceTree = BUILT_PRODUCTS_DIR; };
		189254FC1C8EF153005FEDF3 /* Label_ButtonSampleUITests.m */ = {isa = PBXFileReference; lastKnownFileType = sourcecode.c.objc; path = Label_ButtonSampleUITests.m; sourceTree = "<group>"; };
		189254FE1C8EF153005FEDF3 /* Info.plist */ = {isa = PBXFileReference; lastKnownFileType = text.plist.xml; path = Info.plist; sourceTree = "<group>"; };
/* End PBXFileReference section */

/* Begin PBXFrameworksBuildPhase section */
		189254D11C8EF153005FEDF3 /* Frameworks */ = {
			isa = PBXFrameworksBuildPhase;
			buildActionMask = 2147483647;
			files = (
			);
			runOnlyForDeploymentPostprocessing = 0;
		};
		189254EA1C8EF153005FEDF3 /* Frameworks */ = {
			isa = PBXFrameworksBuildPhase;
			buildActionMask = 2147483647;
			files = (
			);
			runOnlyForDeploymentPostprocessing = 0;
		};
		189254F51C8EF153005FEDF3 /* Frameworks */ = {
			isa = PBXFrameworksBuildPhase;
			buildActionMask = 2147483647;
			files = (
			);
			runOnlyForDeploymentPostprocessing = 0;
		};
/* End PBXFrameworksBuildPhase section */

/* Begin PBXGroup section */
		189254CB1C8EF153005FEDF3 = {
			isa = PBXGroup;
			children = (
				189254D61C8EF153005FEDF3 /* Label_ButtonSample */,
				189254F01C8EF153005FEDF3 /* Label_ButtonSampleTests */,
				189254FB1C8EF153005FEDF3 /* Label_ButtonSampleUITests */,
				189254D51C8EF153005FEDF3 /* Products */,
			);
			sourceTree = "<group>";
		};
		189254D51C8EF153005FEDF3 /* Products */ = {
			isa = PBXGroup;
			children = (
				189254D41C8EF153005FEDF3 /* Label_ButtonSample.app */,
				189254ED1C8EF153005FEDF3 /* Label_ButtonSampleTests.xctest */,
				189254F81C8EF153005FEDF3 /* Label_ButtonSampleUITests.xctest */,
			);
			name = Products;
			sourceTree = "<group>";
		};
		189254D61C8EF153005FEDF3 /* Label_ButtonSample */ = {
			isa = PBXGroup;
			children = (
				189254DA1C8EF153005FEDF3 /* AppDelegate.h */,
				189254DB1C8EF153005FEDF3 /* AppDelegate.m */,
				189254DD1C8EF153005FEDF3 /* ViewController.h */,
				189254DE1C8EF153005FEDF3 /* ViewController.m */,
				189254E01C8EF153005FEDF3 /* Main.storyboard */,
				189254E31C8EF153005FEDF3 /* Assets.xcassets */,
				189254E51C8EF153005FEDF3 /* LaunchScreen.storyboard */,
				189254E81C8EF153005FEDF3 /* Info.plist */,
				189254D71C8EF153005FEDF3 /* Supporting Files */,
			);
			path = Label_ButtonSample;
			sourceTree = "<group>";
		};
		189254D71C8EF153005FEDF3 /* Supporting Files */ = {
			isa = PBXGroup;
			children = (
				189254D81C8EF153005FEDF3 /* main.m */,
			);
			name = "Supporting Files";
			sourceTree = "<group>";
		};
		189254F01C8EF153005FEDF3 /* Label_ButtonSampleTests */ = {
			isa = PBXGroup;
			children = (
				189254F11C8EF153005FEDF3 /* Label_ButtonSampleTests.m */,
				189254F31C8EF153005FEDF3 /* Info.plist */,
			);
			path = Label_ButtonSampleTests;
			sourceTree = "<group>";
		};
		189254FB1C8EF153005FEDF3 /* Label_ButtonSampleUITests */ = {
			isa = PBXGroup;
			children = (
				189254FC1C8EF153005FEDF3 /* Label_ButtonSampleUITests.m */,
				189254FE1C8EF153005FEDF3 /* Info.plist */,
			);
			path = Label_ButtonSampleUITests;
			sourceTree = "<group>";
		};
/* End PBXGroup section */

/* Begin PBXNativeTarget section */
		189254D31C8EF153005FEDF3 /* Label_ButtonSample */ = {
			isa = PBXNativeTarget;
			buildConfigurationList = 189255011C8EF153005FEDF3 /* Build configuration list for PBXNativeTarget "Label_ButtonSample" */;
			buildPhases = (
				189254D01C8EF153005FEDF3 /* Sources */,
				189254D11C8EF153005FEDF3 /* Frameworks */,
				189254D21C8EF153005FEDF3 /* Resources */,
			);
			buildRules = (
			);
			dependencies = (
			);
			name = Label_ButtonSample;
			productName = Label_ButtonSample;
			productReference = 189254D41C8EF153005FEDF3 /* Label_ButtonSample.app */;
			productType = "com.apple.product-type.application";
		};
		189254EC1C8EF153005FEDF3 /* Label_ButtonSampleTests */ = {
			isa = PBXNativeTarget;
			buildConfigurationList = 189255041C8EF153005FEDF3 /* Build configuration list for PBXNativeTarget "Label_ButtonSampleTests" */;
			buildPhases = (
				189254E91C8EF153005FEDF3 /* Sources */,
				189254EA1C8EF153005FEDF3 /* Frameworks */,
				189254EB1C8EF153005FEDF3 /* Resources */,
			);
			buildRules = (
			);
			dependencies = (
				189254EF1C8EF153005FEDF3 /* PBXTargetDependency */,
			);
			name = Label_ButtonSampleTests;
			productName = Label_ButtonSampleTests;
			productReference = 189254ED1C8EF153005FEDF3 /* Label_ButtonSampleTests.xctest */;
			productType = "com.apple.product-type.bundle.unit-test";
		};
		189254F71C8EF153005FEDF3 /* Label_ButtonSampleUITests */ = {
			isa = PBXNativeTarget;
			buildConfigurationList = 189255071C8EF153005FEDF3 /* Build configuration list for PBXNativeTarget "Label_ButtonSampleUITests" */;
			buildPhases = (
				189254F41C8EF153005FEDF3 /* Sources */,
				189254F51C8EF153005FEDF3 /* Frameworks */,
				189254F61C8EF153005FEDF3 /* Resources */,
			);
			buildRules = (
			);
			dependencies = (
				189254FA1C8EF153005FEDF3 /* PBXTargetDependency */,
			);
			name = Label_ButtonSampleUITests;
			productName = Label_ButtonSampleUITests;
			productReference = 189254F81C8EF153005FEDF3 /* Label_ButtonSampleUITests.xctest */;
			productType = "com.apple.product-type.bundle.ui-testing";
		};
/* End PBXNativeTarget section */

/* Begin PBXProject section */
		189254CC1C8EF153005FEDF3 /* Project object */ = {
			isa = PBXProject;
			attributes = {
				LastUpgradeCheck = 0720;
				ORGANIZATIONNAME = Apple;
				TargetAttributes = {
					189254D31C8EF153005FEDF3 = {
						CreatedOnToolsVersion = 7.2.1;
						DevelopmentTeam = KXJQ7SWWM7;
					};
					189254EC1C8EF153005FEDF3 = {
						CreatedOnToolsVersion = 7.2.1;
						DevelopmentTeam = KXJQ7SWWM7;
						TestTargetID = 189254D31C8EF153005FEDF3;
					};
					189254F71C8EF153005FEDF3 = {
						CreatedOnToolsVersion = 7.2.1;
						DevelopmentTeam = KXJQ7SWWM7;
						TestTargetID = 189254D31C8EF153005FEDF3;
					};
				};
			};
			buildConfigurationList = 189254CF1C8EF153005FEDF3 /* Build configuration list for PBXProject "Label_ButtonSample" */;
			compatibilityVersion = "Xcode 3.2";
			developmentRegion = English;
			hasScannedForEncodings = 0;
			knownRegions = (
				en,
				Base,
			);
			mainGroup = 189254CB1C8EF153005FEDF3;
			productRefGroup = 189254D51C8EF153005FEDF3 /* Products */;
			projectDirPath = "";
			projectRoot = "";
			targets = (
				189254D31C8EF153005FEDF3 /* Label_ButtonSample */,
				189254EC1C8EF153005FEDF3 /* Label_ButtonSampleTests */,
				189254F71C8EF153005FEDF3 /* Label_ButtonSampleUITests */,
			);
		};
/* End PBXProject section */

/* Begin PBXResourcesBuildPhase section */
		189254D21C8EF153005FEDF3 /* Resources */ = {
			isa = PBXResourcesBuildPhase;
			buildActionMask = 2147483647;
			files = (
				189254E71C8EF153005FEDF3 /* LaunchScreen.storyboard in Resources */,
				189254E41C8EF153005FEDF3 /* Assets.xcassets in Resources */,
				189254E21C8EF153005FEDF3 /* Main.storyboard in Resources */,
			);
			runOnlyForDeploymentPostprocessing = 0;
		};
		189254EB1C8EF153005FEDF3 /* Resources */ = {
			isa = PBXResourcesBuildPhase;
			buildActionMask = 2147483647;
			files = (
			);
			runOnlyForDeploymentPostprocessing = 0;
		};
		189254F61C8EF153005FEDF3 /* Resources */ = {
			isa = PBXResourcesBuildPhase;
			buildActionMask = 2147483647;
			files = (
			);
			runOnlyForDeploymentPostprocessing = 0;
		};
/* End PBXResourcesBuildPhase section */

/* Begin PBXSourcesBuildPhase section */
		189254D01C8EF153005FEDF3 /* Sources */ = {
			isa = PBXSourcesBuildPhase;
			buildActionMask = 2147483647;
			files = (
				189254DF1C8EF153005FEDF3 /* ViewController.m in Sources */,
				189254DC1C8EF153005FEDF3 /* AppDelegate.m in Sources */,
				189254D91C8EF153005FEDF3 /* main.m in Sources */,
			);
			runOnlyForDeploymentPostprocessing = 0;
		};
		189254E91C8EF153005FEDF3 /* Sources */ = {
			isa = PBXSourcesBuildPhase;
			buildActionMask = 2147483647;
			files = (
				189254F21C8EF153005FEDF3 /* Label_ButtonSampleTests.m in Sources */,
			);
			runOnlyForDeploymentPostprocessing = 0;
		};
		189254F41C8EF153005FEDF3 /* Sources */ = {
			isa = PBXSourcesBuildPhase;
			buildActionMask = 2147483647;
			files = (
				189254FD1C8EF153005FEDF3 /* Label_ButtonSampleUITests.m in Sources */,
			);
			runOnlyForDeploymentPostprocessing = 0;
		};
/* End PBXSourcesBuildPhase section */

/* Begin PBXTargetDependency section */
		189254EF1C8EF153005FEDF3 /* PBXTargetDependency */ = {
			isa = PBXTargetDependency;
			target = 189254D31C8EF153005FEDF3 /* Label_ButtonSample */;
			targetProxy = 189254EE1C8EF153005FEDF3 /* PBXContainerItemProxy */;
		};
		189254FA1C8EF153005FEDF3 /* PBXTargetDependency */ = {
			isa = PBXTargetDependency;
			target = 189254D31C8EF153005FEDF3 /* Label_ButtonSample */;
			targetProxy = 189254F91C8EF153005FEDF3 /* PBXContainerItemProxy */;
		};
/* End PBXTargetDependency section */

/* Begin PBXVariantGroup section */
		189254E01C8EF153005FEDF3 /* Main.storyboard */ = {
			isa = PBXVariantGroup;
			children = (
				189254E11C8EF153005FEDF3 /* Base */,
			);
			name = Main.storyboard;
			sourceTree = "<group>";
		};
		189254E51C8EF153005FEDF3 /* LaunchScreen.storyboard */ = {
			isa = PBXVariantGroup;
			children = (
				189254E61C8EF153005FEDF3 /* Base */,
			);
			name = LaunchScreen.storyboard;
			sourceTree = "<group>";
		};
/* End PBXVariantGroup section */

/* Begin XCBuildConfiguration section */
		189254FF1C8EF153005FEDF3 /* Debug */ = {
			isa = XCBuildConfiguration;
			buildSettings = {
				ALWAYS_SEARCH_USER_PATHS = NO;
				CLANG_CXX_LANGUAGE_STANDARD = "gnu++0x";
				CLANG_CXX_LIBRARY = "libc++";
				CLANG_ENABLE_MODULES = YES;
				CLANG_ENABLE_OBJC_ARC = YES;
				CLANG_WARN_BOOL_CONVERSION = YES;
				CLANG_WARN_CONSTANT_CONVERSION = YES;
				CLANG_WARN_DIRECT_OBJC_ISA_USAGE = YES_ERROR;
				CLANG_WARN_EMPTY_BODY = YES;
				CLANG_WARN_ENUM_CONVERSION = YES;
				CLANG_WARN_INT_CONVERSION = YES;
				CLANG_WARN_OBJC_ROOT_CLASS = YES_ERROR;
				CLANG_WARN_UNREACHABLE_CODE = YES;
				CLANG_WARN__DUPLICATE_METHOD_MATCH = YES;
				"CODE_SIGN_IDENTITY[sdk=iphoneos*]" = "iPhone Developer";
				COPY_PHASE_STRIP = NO;
				DEBUG_INFORMATION_FORMAT = dwarf;
				ENABLE_STRICT_OBJC_MSGSEND = YES;
				ENABLE_TESTABILITY = YES;
				GCC_C_LANGUAGE_STANDARD = gnu99;
				GCC_DYNAMIC_NO_PIC = NO;
				GCC_NO_COMMON_BLOCKS = YES;
				GCC_OPTIMIZATION_LEVEL = 0;
				GCC_PREPROCESSOR_DEFINITIONS = (
					"DEBUG=1",
					"$(inherited)",
				);
				GCC_WARN_64_TO_32_BIT_CONVERSION = YES;
				GCC_WARN_ABOUT_RETURN_TYPE = YES_ERROR;
				GCC_WARN_UNDECLARED_SELECTOR = YES;
				GCC_WARN_UNINITIALIZED_AUTOS = YES_AGGRESSIVE;
				GCC_WARN_UNUSED_FUNCTION = YES;
				GCC_WARN_UNUSED_VARIABLE = YES;
				IPHONEOS_DEPLOYMENT_TARGET = 9.2;
				MTL_ENABLE_DEBUG_INFO = YES;
				ONLY_ACTIVE_ARCH = YES;
				SDKROOT = iphoneos;
			};
			name = Debug;
		};
		189255001C8EF153005FEDF3 /* Release */ = {
			isa = XCBuildConfiguration;
			buildSettings = {
				ALWAYS_SEARCH_USER_PATHS = NO;
				CLANG_CXX_LANGUAGE_STANDARD = "gnu++0x";
				CLANG_CXX_LIBRARY = "libc++";
				CLANG_ENABLE_MODULES = YES;
				CLANG_ENABLE_OBJC_ARC = YES;
				CLANG_WARN_BOOL_CONVERSION = YES;
				CLANG_WARN_CONSTANT_CONVERSION = YES;
				CLANG_WARN_DIRECT_OBJC_ISA_USAGE = YES_ERROR;
				CLANG_WARN_EMPTY_BODY = YES;
				CLANG_WARN_ENUM_CONVERSION = YES;
				CLANG_WARN_INT_CONVERSION = YES;
				CLANG_WARN_OBJC_ROOT_CLASS = YES_ERROR;
				CLANG_WARN_UNREACHABLE_CODE = YES;
				CLANG_WARN__DUPLICATE_METHOD_MATCH = YES;
				"CODE_SIGN_IDENTITY[sdk=iphoneos*]" = "iPhone Developer";
				COPY_PHASE_STRIP = NO;
				DEBUG_INFORMATION_FORMAT = "dwarf-with-dsym";
				ENABLE_NS_ASSERTIONS = NO;
				ENABLE_STRICT_OBJC_MSGSEND = YES;
				GCC_C_LANGUAGE_STANDARD = gnu99;
				GCC_NO_COMMON_BLOCKS = YES;
				GCC_WARN_64_TO_32_BIT_CONVERSION = YES;
				GCC_WARN_ABOUT_RETURN_TYPE = YES_ERROR;
				GCC_WARN_UNDECLARED_SELECTOR = YES;
				GCC_WARN_UNINITIALIZED_AUTOS = YES_AGGRESSIVE;
				GCC_WARN_UNUSED_FUNCTION = YES;
				GCC_WARN_UNUSED_VARIABLE = YES;
				IPHONEOS_DEPLOYMENT_TARGET = 9.2;
				MTL_ENABLE_DEBUG_INFO = NO;
				SDKROOT = iphoneos;
				VALIDATE_PRODUCT = YES;
			};
			name = Release;
		};
		189255021C8EF153005FEDF3 /* Debug */ = {
			isa = XCBuildConfiguration;
			buildSettings = {
				ASSETCATALOG_COMPILER_APPICON_NAME = AppIcon;
				INFOPLIST_FILE = Label_ButtonSample/Info.plist;
				LD_RUNPATH_SEARCH_PATHS = "$(inherited) @executable_path/Frameworks";
				PRODUCT_BUNDLE_IDENTIFIER = "ZhangShuai.Label-ButtonSample";
				PRODUCT_NAME = "$(TARGET_NAME)";
			};
			name = Debug;
		};
		189255031C8EF153005FEDF3 /* Release */ = {
			isa = XCBuildConfiguration;
			buildSettings = {
				ASSETCATALOG_COMPILER_APPICON_NAME = AppIcon;
				INFOPLIST_FILE = Label_ButtonSample/Info.plist;
				LD_RUNPATH_SEARCH_PATHS = "$(inherited) @executable_path/Frameworks";
				PRODUCT_BUNDLE_IDENTIFIER = "ZhangShuai.Label-ButtonSample";
				PRODUCT_NAME = "$(TARGET_NAME)";
			};
			name = Release;
		};
		189255051C8EF153005FEDF3 /* Debug */ = {
			isa = XCBuildConfiguration;
			buildSettings = {
				BUNDLE_LOADER = "$(TEST_HOST)";
				INFOPLIST_FILE = Label_ButtonSampleTests/Info.plist;
				LD_RUNPATH_SEARCH_PATHS = "$(inherited) @executable_path/Frameworks @loader_path/Frameworks";
				PRODUCT_BUNDLE_IDENTIFIER = "ZhangShuai.Label-ButtonSampleTests";
				PRODUCT_NAME = "$(TARGET_NAME)";
				TEST_HOST = "$(BUILT_PRODUCTS_DIR)/Label_ButtonSample.app/Label_ButtonSample";
			};
			name = Debug;
		};
		189255061C8EF153005FEDF3 /* Release */ = {
			isa = XCBuildConfiguration;
			buildSettings = {
				BUNDLE_LOADER = "$(TEST_HOST)";
				INFOPLIST_FILE = Label_ButtonSampleTests/Info.plist;
				LD_RUNPATH_SEARCH_PATHS = "$(inherited) @executable_path/Frameworks @loader_path/Frameworks";
				PRODUCT_BUNDLE_IDENTIFIER = "ZhangShuai.Label-ButtonSampleTests";
				PRODUCT_NAME = "$(TARGET_NAME)";
				TEST_HOST = "$(BUILT_PRODUCTS_DIR)/Label_ButtonSample.app/Label_ButtonSample";
			};
			name = Release;
		};
		189255081C8EF153005FEDF3 /* Debug */ = {
			isa = XCBuildConfiguration;
			buildSettings = {
				INFOPLIST_FILE = Label_ButtonSampleUITests/Info.plist;
				LD_RUNPATH_SEARCH_PATHS = "$(inherited) @executable_path/Frameworks @loader_path/Frameworks";
				PRODUCT_BUNDLE_IDENTIFIER = "ZhangShuai.Label-ButtonSampleUITests";
				PRODUCT_NAME = "$(TARGET_NAME)";
				TEST_TARGET_NAME = Label_ButtonSample;
				USES_XCTRUNNER = YES;
			};
			name = Debug;
		};
		189255091C8EF153005FEDF3 /* Release */ = {
			isa = XCBuildConfiguration;
			buildSettings = {
				INFOPLIST_FILE = Label_ButtonSampleUITests/Info.plist;
				LD_RUNPATH_SEARCH_PATHS = "$(inherited) @executable_path/Frameworks @loader_path/Frameworks";
				PRODUCT_BUNDLE_IDENTIFIER = "ZhangShuai.Label-ButtonSampleUITests";
				PRODUCT_NAME = "$(TARGET_NAME)";
				TEST_TARGET_NAME = Label_ButtonSample;
				USES_XCTRUNNER = YES;
			};
			name = Release;
		};
/* End XCBuildConfiguration section */

/* Begin XCConfigurationList section */
		189254CF1C8EF153005FEDF3 /* Build configuration list for PBXProject "Label_ButtonSample" */ = {
			isa = XCConfigurationList;
			buildConfigurations = (
				189254FF1C8EF153005FEDF3 /* Debug */,
				189255001C8EF153005FEDF3 /* Release */,
			);
			defaultConfigurationIsVisible = 0;
			defaultConfigurationName = Release;
		};
		189255011C8EF153005FEDF3 /* Build configuration list for PBXNativeTarget "Label_ButtonSample" */ = {
			isa = XCConfigurationList;
			buildConfigurations = (
				189255021C8EF153005FEDF3 /* Debug */,
				189255031C8EF153005FEDF3 /* Release */,
			);
			defaultConfigurationIsVisible = 0;
		};
		189255041C8EF153005FEDF3 /* Build configuration list for PBXNativeTarget "Label_ButtonSampleTests" */ = {
			isa = XCConfigurationList;
			buildConfigurations = (
				189255051C8EF153005FEDF3 /* Debug */,
				189255061C8EF153005FEDF3 /* Release */,
			);
			defaultConfigurationIsVisible = 0;
		};
		189255071C8EF153005FEDF3 /* Build configuration list for PBXNativeTarget "Label_ButtonSampleUITests" */ = {
			isa = XCConfigurationList;
			buildConfigurations = (
				189255081C8EF153005FEDF3 /* Debug */,
				189255091C8EF153005FEDF3 /* Release */,
			);
			defaultConfigurationIsVisible = 0;
		};
/* End XCConfigurationList section */
	};
	rootObject = 189254CC1C8EF153005FEDF3 /* Project object */;
}
